{
  "name": "intro-to-serverless",
  "version": "1.0.0",
  "lockfileVersion": 2,
  "requires": true,
  "packages": {
    "": {
      "name": "intro-to-serverless",
      "version": "1.0.0",
      "license": "ISC",
      "dependencies": {
        "awesome-dev-jokes": "^1.0.3",
        "morse-code-converter": "^1.0.2",
        "multi-part": "^3.0.0",
        "node-fetch": "^2.6.1",
        "parse": "^3.2.0",
        "pig-latin": "^2.0.2"
      },
      "devDependencies": {}
    },
    "node_modules/@babel/runtime": {
      "version": "7.13.10",
      "resolved": "https://registry.npmjs.org/@babel/runtime/-/runtime-7.13.10.tgz",
      "integrity": "sha512-4QPkjJq6Ns3V/RgpEahRk+AGfL0eO6RHHtTWoNNr5mO49G6B5+X6d6THgWEAvTrznU5xYpbAlVKRYcsCgh/Akw==",
      "dependencies": {
        "regenerator-runtime": "^0.13.4"
      }
    },
    "node_modules/@babel/runtime-corejs3": {
      "version": "7.13.10",
      "resolved": "https://registry.npmjs.org/@babel/runtime-corejs3/-/runtime-corejs3-7.13.10.tgz",
      "integrity": "sha512-x/XYVQ1h684pp1mJwOV4CyvqZXqbc8CMsMGUnAbuc82ZCdv1U63w5RSUzgDSXQHG5Rps/kiksH6g2D5BuaKyXg==",
      "dependencies": {
        "core-js-pure": "^3.0.0",
        "regenerator-runtime": "^0.13.4"
      }
    },
    "node_modules/awesome-dev-jokes": {
      "version": "1.0.3",
      "resolved": "https://registry.npmjs.org/awesome-dev-jokes/-/awesome-dev-jokes-1.0.3.tgz",
      "integrity": "sha512-NR05SiOoLggOEaRrzQB3q27wId0nc2Z+EI8BfwnggTwKqjvX3Ww6NGhWAt2hr+rRg4xBCSzSSBYVKz5+4TO84w=="
    },
    "node_modules/core-js-pure": {
      "version": "3.15.2",
      "resolved": "https://registry.npmjs.org/core-js-pure/-/core-js-pure-3.15.2.tgz",
      "integrity": "sha512-D42L7RYh1J2grW8ttxoY1+17Y4wXZeKe7uyplAI3FkNQyI5OgBIAjUfFiTPfL1rs0qLpxaabITNbjKl1Sp82tA==",
      "hasInstallScript": true,
      "funding": {
        "type": "opencollective",
        "url": "https://opencollective.com/core-js"
      }
    },
    "node_modules/crypto-js": {
      "version": "4.0.0",
      "resolved": "https://registry.npmjs.org/crypto-js/-/crypto-js-4.0.0.tgz",
      "integrity": "sha512-bzHZN8Pn+gS7DQA6n+iUmBfl0hO5DJq++QP3U6uTucDtk/0iGpXd/Gg7CGR0p8tJhofJyaKoWBuJI4eAO00BBg==",
      "optional": true
    },
    "node_modules/file-type": {
      "version": "12.4.2",
      "resolved": "https://registry.npmjs.org/file-type/-/file-type-12.4.2.tgz",
      "integrity": "sha512-UssQP5ZgIOKelfsaB5CuGAL+Y+q7EmONuiwF3N5HAH0t27rvrttgi6Ra9k/+DVaY9UF6+ybxu5pOXLUdA8N7Vg==",
      "engines": {
        "node": ">=8"
      }
    },
    "node_modules/idb-keyval": {
      "version": "5.0.4",
      "resolved": "https://registry.npmjs.org/idb-keyval/-/idb-keyval-5.0.4.tgz",
      "integrity": "sha512-qS0kplHuadZujoE90ze0NUkhW0/Fbfib7d+mYNMXNEn45NSh2NWY3fBewoX4GZUsKkGHBgc8JiAwMx0zrfL3LQ=="
    },
    "node_modules/lodash": {
      "version": "2.4.2",
      "resolved": "https://registry.npmjs.org/lodash/-/lodash-2.4.2.tgz",
      "integrity": "sha1-+t2DS5aDBz2hebPq5tnA0VBT9z4=",
      "engines": [
        "node",
        "rhino"
      ]
    },
    "node_modules/mime-db": {
      "version": "1.48.0",
      "resolved": "https://registry.npmjs.org/mime-db/-/mime-db-1.48.0.tgz",
      "integrity": "sha512-FM3QwxV+TnZYQ2aRqhlKBMHxk10lTbMt3bBkMAp54ddrNeVSfcQYOOKuGuy3Ddrm38I04If834fOUSq1yzslJQ==",
      "engines": {
        "node": ">= 0.6"
      }
    },
    "node_modules/mime-kind": {
      "version": "3.0.0",
      "resolved": "https://registry.npmjs.org/mime-kind/-/mime-kind-3.0.0.tgz",
      "integrity": "sha512-sx9lClVP7GXY2mO3aVDWTQLhfvAdDvNhGi3o3g7+ae3aKaoybeGbEIlnreoRKjrbDpvlPltlkIryxOtatojeXQ==",
      "dependencies": {
        "file-type": "^12.1.0",
        "mime-types": "^2.1.24"
      },
      "engines": {
        "node": ">=8.3.0"
      }
    },
    "node_modules/mime-types": {
      "version": "2.1.31",
      "resolved": "https://registry.npmjs.org/mime-types/-/mime-types-2.1.31.tgz",
      "integrity": "sha512-XGZnNzm3QvgKxa8dpzyhFTHmpP3l5YNusmne07VUOXxou9CqUqYa/HBy124RqtVh/O2pECas/MOcsDgpilPOPg==",
      "dependencies": {
        "mime-db": "1.48.0"
      },
      "engines": {
        "node": ">= 0.6"
      }
    },
    "node_modules/morse-code-converter": {
      "version": "1.0.2",
      "resolved": "https://registry.npmjs.org/morse-code-converter/-/morse-code-converter-1.0.2.tgz",
      "integrity": "sha512-QF2Yqjbr2tly86cHexW9Vn1YjK5GcxJGCaSLNHUaMmmCcdUuWfJ5b+eiE0xPRd11bAL08igayqrW4OK81Sb3aw=="
    },
    "node_modules/multi-part": {
      "version": "3.0.0",
      "resolved": "https://registry.npmjs.org/multi-part/-/multi-part-3.0.0.tgz",
      "integrity": "sha512-pDbdYQ6DLDxAsD83w9R7r7rlW56cETL7hIB5bCWX7FJYw0K+kL5JwHr0I8tRk9lGeFcAzf+2OEzXWlG/4wCnFw==",
      "dependencies": {
        "mime-kind": "^3.0.0",
        "multi-part-lite": "^1.0.0"
      },
      "engines": {
        "node": ">=8.3.0"
      }
    },
    "node_modules/multi-part-lite": {
      "version": "1.0.0",
      "resolved": "https://registry.npmjs.org/multi-part-lite/-/multi-part-lite-1.0.0.tgz",
      "integrity": "sha512-KxIRbBZZ45hoKX1ROD/19wJr0ql1bef1rE8Y1PCwD3PuNXV42pp7Wo8lEHYuAajoT4vfAFcd3rPjlkyEEyt1nw==",
      "engines": {
        "node": ">=8.3.0"
      }
    },
    "node_modules/node-fetch": {
      "version": "2.6.1",
      "resolved": "https://registry.npmjs.org/node-fetch/-/node-fetch-2.6.1.tgz",
      "integrity": "sha512-V4aYg89jEoVRxRb2fJdAg8FHvI7cEyYdVAh94HH0UIK8oJxUfkjlDQN9RbMx+bEjP7+ggMiFRprSti032Oipxw==",
      "engines": {
        "node": "4.x || >=6.0.0"
      }
    },
    "node_modules/parse": {
      "version": "3.2.0",
      "resolved": "https://registry.npmjs.org/parse/-/parse-3.2.0.tgz",
      "integrity": "sha512-yncA9l0LneOzzBFACVjdPNpWuNGQ/LhXGEO/qj6vYAyJpwWabNf7Eq2ucMAWzALb13KDRoAiTlb2cH3Nt/S9gw==",
      "dependencies": {
        "@babel/runtime": "7.13.10",
        "@babel/runtime-corejs3": "7.13.10",
        "idb-keyval": "5.0.4",
        "react-native-crypto-js": "1.0.0",
        "uuid": "3.4.0",
        "ws": "7.4.4",
        "xmlhttprequest": "1.8.0"
      },
      "optionalDependencies": {
        "crypto-js": "4.0.0"
      }
    },
    "node_modules/pig-latin": {
      "version": "2.0.2",
      "resolved": "https://registry.npmjs.org/pig-latin/-/pig-latin-2.0.2.tgz",
      "integrity": "sha1-86EYnPMMnvcN77qMG82VqWYxg3k=",
      "dependencies": {
        "lodash": "^2.4.1"
      }
    },
    "node_modules/react-native-crypto-js": {
      "version": "1.0.0",
      "resolved": "https://registry.npmjs.org/react-native-crypto-js/-/react-native-crypto-js-1.0.0.tgz",
      "integrity": "sha512-FNbLuG/HAdapQoybeZSoes1PWdOj0w242gb+e1R0hicf3Gyj/Mf8M9NaED2AnXVOX01b2FXomwUiw1xP1K+8sA=="
    },
    "node_modules/regenerator-runtime": {
      "version": "0.13.7",
      "resolved": "https://registry.npmjs.org/regenerator-runtime/-/regenerator-runtime-0.13.7.tgz",
      "integrity": "sha512-a54FxoJDIr27pgf7IgeQGxmqUNYrcV338lf/6gH456HZ/PhX+5BcwHXG9ajESmwe6WRO0tAzRUrRmNONWgkrew=="
    },
    "node_modules/uuid": {
      "version": "3.4.0",
      "resolved": "https://registry.npmjs.org/uuid/-/uuid-3.4.0.tgz",
      "integrity": "sha512-HjSDRw6gZE5JMggctHBcjVak08+KEVhSIiDzFnT9S9aegmp85S/bReBVTb4QTFaRNptJ9kuYaNhnbNEOkbKb/A==",
      "deprecated": "Please upgrade  to version 7 or higher.  Older versions may use Math.random() in certain circumstances, which is known to be problematic.  See https://v8.dev/blog/math-random for details.",
      "bin": {
        "uuid": "bin/uuid"
      }
    },
    "node_modules/ws": {
      "version": "7.4.4",
      "resolved": "https://registry.npmjs.org/ws/-/ws-7.4.4.tgz",
      "integrity": "sha512-Qm8k8ojNQIMx7S+Zp8u/uHOx7Qazv3Yv4q68MiWWWOJhiwG5W3x7iqmRtJo8xxrciZUY4vRxUTJCKuRnF28ZZw==",
      "engines": {
        "node": ">=8.3.0"
      },
      "peerDependencies": {
        "bufferutil": "^4.0.1",
        "utf-8-validate": "^5.0.2"
      },
      "peerDependenciesMeta": {
        "bufferutil": {
          "optional": true
        },
        "utf-8-validate": {
          "optional": true
        }
      }
    },
    "node_modules/xmlhttprequest": {
      "version": "1.8.0",
      "resolved": "https://registry.npmjs.org/xmlhttprequest/-/xmlhttprequest-1.8.0.tgz",
      "integrity": "sha1-Z/4HXFwk/vOfnWX197f+dRcZaPw=",
      "engines": {
        "node": ">=0.4.0"
      }
    }
  },
  "dependencies": {
    "@babel/runtime": {
      "version": "7.13.10",
      "resolved": "https://registry.npmjs.org/@babel/runtime/-/runtime-7.13.10.tgz",
      "integrity": "sha512-4QPkjJq6Ns3V/RgpEahRk+AGfL0eO6RHHtTWoNNr5mO49G6B5+X6d6THgWEAvTrznU5xYpbAlVKRYcsCgh/Akw==",
      "requires": {
        "regenerator-runtime": "^0.13.4"
      }
    },
    "@babel/runtime-corejs3": {
      "version": "7.13.10",
      "resolved": "https://registry.npmjs.org/@babel/runtime-corejs3/-/runtime-corejs3-7.13.10.tgz",
      "integrity": "sha512-x/XYVQ1h684pp1mJwOV4CyvqZXqbc8CMsMGUnAbuc82ZCdv1U63w5RSUzgDSXQHG5Rps/kiksH6g2D5BuaKyXg==",
      "requires": {
        "core-js-pure": "^3.0.0",
        "regenerator-runtime": "^0.13.4"
      }
    },
    "awesome-dev-jokes": {
      "version": "1.0.3",
      "resolved": "https://registry.npmjs.org/awesome-dev-jokes/-/awesome-dev-jokes-1.0.3.tgz",
      "integrity": "sha512-NR05SiOoLggOEaRrzQB3q27wId0nc2Z+EI8BfwnggTwKqjvX3Ww6NGhWAt2hr+rRg4xBCSzSSBYVKz5+4TO84w=="
    },
    "core-js-pure": {
      "version": "3.15.2",
      "resolved": "https://registry.npmjs.org/core-js-pure/-/core-js-pure-3.15.2.tgz",
      "integrity": "sha512-D42L7RYh1J2grW8ttxoY1+17Y4wXZeKe7uyplAI3FkNQyI5OgBIAjUfFiTPfL1rs0qLpxaabITNbjKl1Sp82tA=="
    },
    "crypto-js": {
      "version": "4.0.0",
      "resolved": "https://registry.npmjs.org/crypto-js/-/crypto-js-4.0.0.tgz",
      "integrity": "sha512-bzHZN8Pn+gS7DQA6n+iUmBfl0hO5DJq++QP3U6uTucDtk/0iGpXd/Gg7CGR0p8tJhofJyaKoWBuJI4eAO00BBg==",
      "optional": true
    },
    "file-type": {
      "version": "12.4.2",
      "resolved": "https://registry.npmjs.org/file-type/-/file-type-12.4.2.tgz",
      "integrity": "sha512-UssQP5ZgIOKelfsaB5CuGAL+Y+q7EmONuiwF3N5HAH0t27rvrttgi6Ra9k/+DVaY9UF6+ybxu5pOXLUdA8N7Vg=="
    },
    "idb-keyval": {
      "version": "5.0.4",
      "resolved": "https://registry.npmjs.org/idb-keyval/-/idb-keyval-5.0.4.tgz",
      "integrity": "sha512-qS0kplHuadZujoE90ze0NUkhW0/Fbfib7d+mYNMXNEn45NSh2NWY3fBewoX4GZUsKkGHBgc8JiAwMx0zrfL3LQ=="
    },
    "lodash": {
      "version": "2.4.2",
      "resolved": "https://registry.npmjs.org/lodash/-/lodash-2.4.2.tgz",
      "integrity": "sha1-+t2DS5aDBz2hebPq5tnA0VBT9z4="
    },
    "mime-db": {
      "version": "1.48.0",
      "resolved": "https://registry.npmjs.org/mime-db/-/mime-db-1.48.0.tgz",
      "integrity": "sha512-FM3QwxV+TnZYQ2aRqhlKBMHxk10lTbMt3bBkMAp54ddrNeVSfcQYOOKuGuy3Ddrm38I04If834fOUSq1yzslJQ=="
    },
    "mime-kind": {
      "version": "3.0.0",
      "resolved": "https://registry.npmjs.org/mime-kind/-/mime-kind-3.0.0.tgz",
      "integrity": "sha512-sx9lClVP7GXY2mO3aVDWTQLhfvAdDvNhGi3o3g7+ae3aKaoybeGbEIlnreoRKjrbDpvlPltlkIryxOtatojeXQ==",
      "requires": {
        "file-type": "^12.1.0",
        "mime-types": "^2.1.24"
      }
    },
    "mime-types": {
      "version": "2.1.31",
      "resolved": "https://registry.npmjs.org/mime-types/-/mime-types-2.1.31.tgz",
      "integrity": "sha512-XGZnNzm3QvgKxa8dpzyhFTHmpP3l5YNusmne07VUOXxou9CqUqYa/HBy124RqtVh/O2pECas/MOcsDgpilPOPg==",
      "requires": {
        "mime-db": "1.48.0"
      }
    },
    "morse-code-converter": {
      "version": "1.0.2",
      "resolved": "https://registry.npmjs.org/morse-code-converter/-/morse-code-converter-1.0.2.tgz",
      "integrity": "sha512-QF2Yqjbr2tly86cHexW9Vn1YjK5GcxJGCaSLNHUaMmmCcdUuWfJ5b+eiE0xPRd11bAL08igayqrW4OK81Sb3aw=="
    },
    "multi-part": {
      "version": "3.0.0",
      "resolved": "https://registry.npmjs.org/multi-part/-/multi-part-3.0.0.tgz",
      "integrity": "sha512-pDbdYQ6DLDxAsD83w9R7r7rlW56cETL7hIB5bCWX7FJYw0K+kL5JwHr0I8tRk9lGeFcAzf+2OEzXWlG/4wCnFw==",
      "requires": {
        "mime-kind": "^3.0.0",
        "multi-part-lite": "^1.0.0"
      }
    },
    "multi-part-lite": {
      "version": "1.0.0",
      "resolved": "https://registry.npmjs.org/multi-part-lite/-/multi-part-lite-1.0.0.tgz",
      "integrity": "sha512-KxIRbBZZ45hoKX1ROD/19wJr0ql1bef1rE8Y1PCwD3PuNXV42pp7Wo8lEHYuAajoT4vfAFcd3rPjlkyEEyt1nw=="
    },
    "node-fetch": {
      "version": "2.6.1",
      "resolved": "https://registry.npmjs.org/node-fetch/-/node-fetch-2.6.1.tgz",
      "integrity": "sha512-V4aYg89jEoVRxRb2fJdAg8FHvI7cEyYdVAh94HH0UIK8oJxUfkjlDQN9RbMx+bEjP7+ggMiFRprSti032Oipxw=="
    },
    "parse": {
      "version": "3.2.0",
      "resolved": "https://registry.npmjs.org/parse/-/parse-3.2.0.tgz",
      "integrity": "sha512-yncA9l0LneOzzBFACVjdPNpWuNGQ/LhXGEO/qj6vYAyJpwWabNf7Eq2ucMAWzALb13KDRoAiTlb2cH3Nt/S9gw==",
      "requires": {
        "@babel/runtime": "7.13.10",
        "@babel/runtime-corejs3": "7.13.10",
        "crypto-js": "4.0.0",
        "idb-keyval": "5.0.4",
        "react-native-crypto-js": "1.0.0",
        "uuid": "3.4.0",
        "ws": "7.4.4",
        "xmlhttprequest": "1.8.0"
      }
    },
    "pig-latin": {
      "version": "2.0.2",
      "resolved": "https://registry.npmjs.org/pig-latin/-/pig-latin-2.0.2.tgz",
      "integrity": "sha1-86EYnPMMnvcN77qMG82VqWYxg3k=",
      "requires": {
        "lodash": "^2.4.1"
      }
    },
    "react-native-crypto-js": {
      "version": "1.0.0",
      "resolved": "https://registry.npmjs.org/react-native-crypto-js/-/react-native-crypto-js-1.0.0.tgz",
      "integrity": "sha512-FNbLuG/HAdapQoybeZSoes1PWdOj0w242gb+e1R0hicf3Gyj/Mf8M9NaED2AnXVOX01b2FXomwUiw1xP1K+8sA=="
    },
    "regenerator-runtime": {
      "version": "0.13.7",
      "resolved": "https://registry.npmjs.org/regenerator-runtime/-/regenerator-runtime-0.13.7.tgz",
      "integrity": "sha512-a54FxoJDIr27pgf7IgeQGxmqUNYrcV338lf/6gH456HZ/PhX+5BcwHXG9ajESmwe6WRO0tAzRUrRmNONWgkrew=="
    },
    "uuid": {
      "version": "3.4.0",
      "resolved": "https://registry.npmjs.org/uuid/-/uuid-3.4.0.tgz",
      "integrity": "sha512-HjSDRw6gZE5JMggctHBcjVak08+KEVhSIiDzFnT9S9aegmp85S/bReBVTb4QTFaRNptJ9kuYaNhnbNEOkbKb/A=="
    },
    "ws": {
      "version": "7.4.4",
      "resolved": "https://registry.npmjs.org/ws/-/ws-7.4.4.tgz",
      "integrity": "sha512-Qm8k8ojNQIMx7S+Zp8u/uHOx7Qazv3Yv4q68MiWWWOJhiwG5W3x7iqmRtJo8xxrciZUY4vRxUTJCKuRnF28ZZw==",
      "requires": {}
    },
    "xmlhttprequest": {
      "version": "1.8.0",
      "resolved": "https://registry.npmjs.org/xmlhttprequest/-/xmlhttprequest-1.8.0.tgz",
      "integrity": "sha1-Z/4HXFwk/vOfnWX197f+dRcZaPw="
    }
  }
}
